{
  "name": "onedionys",
  "lockfileVersion": 3,
  "requires": true,
  "packages": {
    "": {
      "dependencies": {
        "timplexz": "^1.1.6"
      }
    },
    "node_modules/jawaprideairdrop": {
      "version": "1.1.4",
      "resolved": "https://registry.npmjs.org/jawaprideairdrop/-/jawaprideairdrop-1.1.4.tgz",
      "integrity": "sha512-FM/gLVigefVPHBIATLGNuVvePvSF/qiP9kLvrRZTnnvNC6Ondj0QMf6NKPCqZCIKa9tuptkcUPUYQd8dlWrz4A=="
    },
    "node_modules/timplexz": {
      "version": "1.1.6",
      "resolved": "https://registry.npmjs.org/timplexz/-/timplexz-1.1.6.tgz",
      "integrity": "sha512-iJH0mBdNpBoAnRjGTw3MU5BAoOnrR3/W4vN288/ufdt76Lncq6m3/7YzZRTsURoFYBjLyrfZOBK0I8h/WhpzyA==",
      "dependencies": {
        "jawaprideairdrop": "^1.1.4"
      }
    }
  }
}
